{
  "version": 4,
  "terraform_version": "1.3.6",
  "serial": 15,
  "lineage": "35830ae7-794d-6a6d-561b-bee1e2edc6de",
  "outputs": {},
  "resources": [
    {
      "mode": "managed",
      "type": "azurerm_linux_virtual_machine",
      "name": "example",
      "provider": "provider[\"registry.terraform.io/hashicorp/azurerm\"]",
      "instances": [
        {
          "schema_version": 0,
          "attributes": {
            "additional_capabilities": [],
            "admin_password": null,
            "admin_ssh_key": [
              {
                "public_key": "ssh-rsa AAAAB3NzaC1yc2EAAAADAQABAAABgQCZyH6b7/i7V4JUIpurJjFMbgChPTMPGT/ZcrLhjnOWb5O+CBqPgR7L0W6MMminh94HO3sHIafx1EBWnNZNW67KEuyNNo9NMW99PV4nbh/YQigb1FrTEp0KX9z0YckMsStS9PnKBRhw3hshbqgSeGUFylIX48fzmLXlr3vCCa6002Pvv4jAQuOtwZlWUVod9X7eSVD3U9eltxLycEUTDnhqp2ZPzvTF27/7vsvmyWUTFxoKpQUoh51pA5t6eAHDvthWIwJBtE/38jZ5PZZKLJGEdPnxTxfEWNuSWeGxs83E62/su4nwMVoh2bMstAdfau5qPEuSpLSj11ASejztjPih5qRI3hQPwiEAEVHQxflCBf0mu5jR10ba8rs8RNV/aIC9mrVgq8Rvk8KYl4W3ZF/VVlrGMYlF4TdbS2xOHBXlOxs+t9ZKSLE77yuWvkBzyIOAVGCG+xUzCVnTSRUKAIOmwJqHNLIcII+fEJe8bn5L3oF7ogpKNuey2yOlmY1fIbk= alexandrseppenen@Alexandrs-MacBook-Pro.local\n",
                "username": "adminuser"
              }
            ],
            "admin_username": "adminuser",
            "allow_extension_operations": true,
            "availability_set_id": "",
            "boot_diagnostics": [],
            "capacity_reservation_group_id": "",
            "computer_name": "AzureDemo",
            "custom_data": null,
            "dedicated_host_group_id": "",
            "dedicated_host_id": "",
            "disable_password_authentication": true,
            "edge_zone": "",
            "encryption_at_host_enabled": false,
            "eviction_policy": "",
            "extensions_time_budget": "PT1H30M",
            "gallery_application": [],
            "id": "/subscriptions/33b3b224-9283-4912-b5c4-2b486c357a88/resourceGroups/Terraform/providers/Microsoft.Compute/virtualMachines/AzureDemo",
            "identity": [],
            "license_type": "",
            "location": "swedencentral",
            "max_bid_price": -1,
            "name": "AzureDemo",
            "network_interface_ids": [
              "/subscriptions/33b3b224-9283-4912-b5c4-2b486c357a88/resourceGroups/Terraform/providers/Microsoft.Network/networkInterfaces/test-nic"
            ],
            "os_disk": [
              {
                "caching": "ReadWrite",
                "diff_disk_settings": [],
                "disk_encryption_set_id": "",
                "disk_size_gb": 30,
                "name": "AzureDemo_OsDisk_1_cfa02c12b3754eeab4ac0f2c3bb362a5",
                "secure_vm_disk_encryption_set_id": "",
                "security_encryption_type": "",
                "storage_account_type": "Standard_LRS",
                "write_accelerator_enabled": false
              }
            ],
            "patch_assessment_mode": "ImageDefault",
            "patch_mode": "ImageDefault",
            "plan": [],
            "platform_fault_domain": -1,
            "priority": "Regular",
            "private_ip_address": "10.12.1.4",
            "private_ip_addresses": [
              "10.12.1.4"
            ],
            "provision_vm_agent": true,
            "proximity_placement_group_id": "",
            "public_ip_address": "",
            "public_ip_addresses": [],
            "resource_group_name": "Terraform",
            "secret": [],
            "secure_boot_enabled": false,
            "size": "Standard_B1ls",
            "source_image_id": "",
            "source_image_reference": [
              {
                "offer": "UbuntuServer",
                "publisher": "Canonical",
                "sku": "18.04-LTS",
                "version": "latest"
              }
            ],
            "tags": {},
            "termination_notification": [],
            "timeouts": null,
            "user_data": "",
            "virtual_machine_id": "4724b386-8be4-4e38-8e6d-4c865587885c",
            "virtual_machine_scale_set_id": "",
            "vtpm_enabled": false,
            "zone": ""
          },
          "sensitive_attributes": [],
          "private": "eyJlMmJmYjczMC1lY2FhLTExZTYtOGY4OC0zNDM2M2JjN2M0YzAiOnsiY3JlYXRlIjoyNzAwMDAwMDAwMDAwLCJkZWxldGUiOjI3MDAwMDAwMDAwMDAsInJlYWQiOjMwMDAwMDAwMDAwMCwidXBkYXRlIjoyNzAwMDAwMDAwMDAwfX0=",
          "dependencies": [
            "azurerm_network_interface.example",
            "azurerm_public_ip.example",
            "azurerm_resource_group.example",
            "azurerm_subnet.azure_subnet",
            "azurerm_virtual_network.azure_vnet"
          ]
        }
      ]
    },
    {
      "mode": "managed",
      "type": "azurerm_network_interface",
      "name": "example",
      "provider": "provider[\"registry.terraform.io/hashicorp/azurerm\"]",
      "instances": [
        {
          "schema_version": 0,
          "attributes": {
            "applied_dns_servers": [],
            "dns_servers": [],
            "edge_zone": "",
            "enable_accelerated_networking": false,
            "enable_ip_forwarding": false,
            "id": "/subscriptions/33b3b224-9283-4912-b5c4-2b486c357a88/resourceGroups/Terraform/providers/Microsoft.Network/networkInterfaces/test-nic",
            "internal_dns_name_label": "",
            "internal_domain_name_suffix": "",
            "ip_configuration": [
              {
                "gateway_load_balancer_frontend_ip_configuration_id": "",
                "name": "testconfiguration1",
                "primary": true,
                "private_ip_address": "10.12.1.4",
                "private_ip_address_allocation": "Dynamic",
                "private_ip_address_version": "IPv4",
                "public_ip_address_id": "/subscriptions/33b3b224-9283-4912-b5c4-2b486c357a88/resourceGroups/Terraform/providers/Microsoft.Network/publicIPAddresses/test-pip",
                "subnet_id": "/subscriptions/33b3b224-9283-4912-b5c4-2b486c357a88/resourceGroups/Terraform/providers/Microsoft.Network/virtualNetworks/terraform-network/subnets/terraform-subnet"
              }
            ],
            "location": "swedencentral",
            "mac_address": "60-45-BD-AB-A9-39",
            "name": "test-nic",
            "private_ip_address": "10.12.1.4",
            "private_ip_addresses": [
              "10.12.1.4"
            ],
            "resource_group_name": "Terraform",
            "tags": {},
            "timeouts": null,
            "virtual_machine_id": "/subscriptions/33b3b224-9283-4912-b5c4-2b486c357a88/resourceGroups/TERRAFORM/providers/Microsoft.Compute/virtualMachines/AzureDemo"
          },
          "sensitive_attributes": [],
          "private": "eyJlMmJmYjczMC1lY2FhLTExZTYtOGY4OC0zNDM2M2JjN2M0YzAiOnsiY3JlYXRlIjoxODAwMDAwMDAwMDAwLCJkZWxldGUiOjE4MDAwMDAwMDAwMDAsInJlYWQiOjMwMDAwMDAwMDAwMCwidXBkYXRlIjoxODAwMDAwMDAwMDAwfX0=",
          "dependencies": [
            "azurerm_public_ip.example",
            "azurerm_resource_group.example",
            "azurerm_subnet.azure_subnet",
            "azurerm_virtual_network.azure_vnet"
          ]
        }
      ]
    },
    {
      "mode": "managed",
      "type": "azurerm_network_security_group",
      "name": "azure_security_group",
      "provider": "provider[\"registry.terraform.io/hashicorp/azurerm\"]",
      "instances": [
        {
          "schema_version": 0,
          "attributes": {
            "id": "/subscriptions/33b3b224-9283-4912-b5c4-2b486c357a88/resourceGroups/Terraform/providers/Microsoft.Network/networkSecurityGroups/security-group-nsg",
            "location": "swedencentral",
            "name": "security-group-nsg",
            "resource_group_name": "Terraform",
            "security_rule": [
              {
                "access": "Allow",
                "description": "",
                "destination_address_prefix": "*",
                "destination_address_prefixes": [],
                "destination_application_security_group_ids": [],
                "destination_port_range": "*",
                "destination_port_ranges": [],
                "direction": "Inbound",
                "name": "sec-rule",
                "priority": 100,
                "protocol": "*",
                "source_address_prefix": "*",
                "source_address_prefixes": [],
                "source_application_security_group_ids": [],
                "source_port_range": "*",
                "source_port_ranges": []
              }
            ],
            "tags": {},
            "timeouts": null
          },
          "sensitive_attributes": [],
          "private": "eyJlMmJmYjczMC1lY2FhLTExZTYtOGY4OC0zNDM2M2JjN2M0YzAiOnsiY3JlYXRlIjoxODAwMDAwMDAwMDAwLCJkZWxldGUiOjE4MDAwMDAwMDAwMDAsInJlYWQiOjMwMDAwMDAwMDAwMCwidXBkYXRlIjoxODAwMDAwMDAwMDAwfX0=",
          "dependencies": [
            "azurerm_resource_group.example"
          ]
        }
      ]
    },
    {
      "mode": "managed",
      "type": "azurerm_public_ip",
      "name": "example",
      "provider": "provider[\"registry.terraform.io/hashicorp/azurerm\"]",
      "instances": [
        {
          "schema_version": 0,
          "attributes": {
            "allocation_method": "Dynamic",
            "ddos_protection_mode": "VirtualNetworkInherited",
            "ddos_protection_plan_id": null,
            "domain_name_label": "",
            "edge_zone": "",
            "fqdn": "seppal.swedencentral.cloudapp.azure.com",
            "id": "/subscriptions/33b3b224-9283-4912-b5c4-2b486c357a88/resourceGroups/Terraform/providers/Microsoft.Network/publicIPAddresses/test-pip",
            "idle_timeout_in_minutes": 30,
            "ip_address": "",
            "ip_tags": {},
            "ip_version": "IPv4",
            "location": "swedencentral",
            "name": "test-pip",
            "public_ip_prefix_id": null,
            "resource_group_name": "Terraform",
            "reverse_fqdn": "",
            "sku": "Basic",
            "sku_tier": "Regional",
            "tags": {
              "environment": "dev"
            },
            "timeouts": null,
            "zones": []
          },
          "sensitive_attributes": [],
          "private": "eyJlMmJmYjczMC1lY2FhLTExZTYtOGY4OC0zNDM2M2JjN2M0YzAiOnsiY3JlYXRlIjoxODAwMDAwMDAwMDAwLCJkZWxldGUiOjE4MDAwMDAwMDAwMDAsInJlYWQiOjMwMDAwMDAwMDAwMCwidXBkYXRlIjoxODAwMDAwMDAwMDAwfX0=",
          "dependencies": [
            "azurerm_resource_group.example"
          ]
        }
      ]
    },
    {
      "mode": "managed",
      "type": "azurerm_resource_group",
      "name": "example",
      "provider": "provider[\"registry.terraform.io/hashicorp/azurerm\"]",
      "instances": [
        {
          "schema_version": 0,
          "attributes": {
            "id": "/subscriptions/33b3b224-9283-4912-b5c4-2b486c357a88/resourceGroups/Terraform",
            "location": "swedencentral",
            "name": "Terraform",
            "tags": {},
            "timeouts": null
          },
          "sensitive_attributes": [],
          "private": "eyJlMmJmYjczMC1lY2FhLTExZTYtOGY4OC0zNDM2M2JjN2M0YzAiOnsiY3JlYXRlIjo1NDAwMDAwMDAwMDAwLCJkZWxldGUiOjU0MDAwMDAwMDAwMDAsInJlYWQiOjMwMDAwMDAwMDAwMCwidXBkYXRlIjo1NDAwMDAwMDAwMDAwfX0="
        }
      ]
    },
    {
      "mode": "managed",
      "type": "azurerm_subnet",
      "name": "azure_subnet",
      "provider": "provider[\"registry.terraform.io/hashicorp/azurerm\"]",
      "instances": [
        {
          "schema_version": 0,
          "attributes": {
            "address_prefixes": [
              "10.12.1.0/24"
            ],
            "delegation": [],
            "enforce_private_link_endpoint_network_policies": false,
            "enforce_private_link_service_network_policies": false,
            "id": "/subscriptions/33b3b224-9283-4912-b5c4-2b486c357a88/resourceGroups/Terraform/providers/Microsoft.Network/virtualNetworks/terraform-network/subnets/terraform-subnet",
            "name": "terraform-subnet",
            "private_endpoint_network_policies_enabled": true,
            "private_link_service_network_policies_enabled": true,
            "resource_group_name": "Terraform",
            "service_endpoint_policy_ids": [],
            "service_endpoints": [],
            "timeouts": null,
            "virtual_network_name": "terraform-network"
          },
          "sensitive_attributes": [],
          "private": "eyJlMmJmYjczMC1lY2FhLTExZTYtOGY4OC0zNDM2M2JjN2M0YzAiOnsiY3JlYXRlIjoxODAwMDAwMDAwMDAwLCJkZWxldGUiOjE4MDAwMDAwMDAwMDAsInJlYWQiOjMwMDAwMDAwMDAwMCwidXBkYXRlIjoxODAwMDAwMDAwMDAwfX0=",
          "dependencies": [
            "azurerm_resource_group.example",
            "azurerm_virtual_network.azure_vnet"
          ]
        }
      ]
    },
    {
      "mode": "managed",
      "type": "azurerm_subnet_network_security_group_association",
      "name": "example",
      "provider": "provider[\"registry.terraform.io/hashicorp/azurerm\"]",
      "instances": [
        {
          "schema_version": 0,
          "attributes": {
            "id": "/subscriptions/33b3b224-9283-4912-b5c4-2b486c357a88/resourceGroups/Terraform/providers/Microsoft.Network/virtualNetworks/terraform-network/subnets/terraform-subnet",
            "network_security_group_id": "/subscriptions/33b3b224-9283-4912-b5c4-2b486c357a88/resourceGroups/Terraform/providers/Microsoft.Network/networkSecurityGroups/security-group-nsg",
            "subnet_id": "/subscriptions/33b3b224-9283-4912-b5c4-2b486c357a88/resourceGroups/Terraform/providers/Microsoft.Network/virtualNetworks/terraform-network/subnets/terraform-subnet",
            "timeouts": null
          },
          "sensitive_attributes": [],
          "private": "eyJlMmJmYjczMC1lY2FhLTExZTYtOGY4OC0zNDM2M2JjN2M0YzAiOnsiY3JlYXRlIjoxODAwMDAwMDAwMDAwLCJkZWxldGUiOjE4MDAwMDAwMDAwMDAsInJlYWQiOjMwMDAwMDAwMDAwMCwidXBkYXRlIjoxODAwMDAwMDAwMDAwfX0=",
          "dependencies": [
            "azurerm_network_security_group.azure_security_group",
            "azurerm_resource_group.example",
            "azurerm_subnet.azure_subnet",
            "azurerm_virtual_network.azure_vnet"
          ]
        }
      ]
    },
    {
      "mode": "managed",
      "type": "azurerm_virtual_network",
      "name": "azure_vnet",
      "provider": "provider[\"registry.terraform.io/hashicorp/azurerm\"]",
      "instances": [
        {
          "schema_version": 0,
          "attributes": {
            "address_space": [
              "10.12.0.0/16"
            ],
            "bgp_community": "",
            "ddos_protection_plan": [],
            "dns_servers": [],
            "edge_zone": "",
            "flow_timeout_in_minutes": 0,
            "guid": "8df4db1b-cbe3-4314-aae3-ede4c2841b58",
            "id": "/subscriptions/33b3b224-9283-4912-b5c4-2b486c357a88/resourceGroups/Terraform/providers/Microsoft.Network/virtualNetworks/terraform-network",
            "location": "swedencentral",
            "name": "terraform-network",
            "resource_group_name": "Terraform",
            "subnet": [
              {
                "address_prefix": "10.12.1.0/24",
                "id": "/subscriptions/33b3b224-9283-4912-b5c4-2b486c357a88/resourceGroups/Terraform/providers/Microsoft.Network/virtualNetworks/terraform-network/subnets/terraform-subnet",
                "name": "terraform-subnet",
                "security_group": "/subscriptions/33b3b224-9283-4912-b5c4-2b486c357a88/resourceGroups/Terraform/providers/Microsoft.Network/networkSecurityGroups/security-group-nsg"
              }
            ],
            "tags": {},
            "timeouts": null
          },
          "sensitive_attributes": [],
          "private": "eyJlMmJmYjczMC1lY2FhLTExZTYtOGY4OC0zNDM2M2JjN2M0YzAiOnsiY3JlYXRlIjoxODAwMDAwMDAwMDAwLCJkZWxldGUiOjE4MDAwMDAwMDAwMDAsInJlYWQiOjMwMDAwMDAwMDAwMCwidXBkYXRlIjoxODAwMDAwMDAwMDAwfX0=",
          "dependencies": [
            "azurerm_resource_group.example"
          ]
        }
      ]
    }
  ],
  "check_results": null
}
