{
  "version": 4,
  "terraform_version": "1.3.6",
  "serial": 19,
  "lineage": "b14e43ba-2628-6645-9746-eb3bf5be5d28",
  "outputs": {
    "acr_admin_login_server": {
      "value": "devcontainer67929.azurecr.io",
      "type": "string"
    },
    "acr_admin_password": {
      "value": "rCGrWoBJ5KgtjJqWT5pvb3axWPpe9RnBhM4xmYosjb+ACRCj2Q6H",
      "type": "string",
      "sensitive": true
    },
    "acr_admin_username": {
      "value": "DevContainer67929",
      "type": "string"
    }
  },
  "resources": [
    {
      "mode": "managed",
      "type": "azuredevops_build_definition",
      "name": "pipeline_1",
      "provider": "provider[\"registry.terraform.io/microsoft/azuredevops\"]",
      "instances": [
        {
          "schema_version": 0,
          "attributes": {
            "agent_pool_name": "Azure Pipelines",
            "ci_trigger": [
              {
                "override": [],
                "use_yaml": true
              }
            ],
            "id": "1",
            "name": "Master",
            "path": "\\",
            "project_id": "71f54830-e376-490f-848d-e2a194456779",
            "pull_request_trigger": [],
            "repository": [
              {
                "branch_name": "refs/heads/master",
                "github_enterprise_url": "",
                "repo_id": "f8acb664-2e10-4b1d-820f-050783142424",
                "repo_type": "TfsGit",
                "report_build_status": true,
                "service_connection_id": "",
                "yml_path": "azure-pipeline-main.yml"
              }
            ],
            "revision": 1,
            "schedules": [],
            "variable": [],
            "variable_groups": []
          },
          "sensitive_attributes": [],
          "private": "bnVsbA==",
          "dependencies": [
            "azuredevops_git_repository.example",
            "azuredevops_project.this"
          ]
        }
      ]
    },
    {
      "mode": "managed",
      "type": "azuredevops_git_repository",
      "name": "example",
      "provider": "provider[\"registry.terraform.io/microsoft/azuredevops\"]",
      "instances": [
        {
          "schema_version": 0,
          "attributes": {
            "default_branch": "refs/heads/master",
            "id": "f8acb664-2e10-4b1d-820f-050783142424",
            "initialization": [
              {
                "init_type": "Clean",
                "service_connection_id": "",
                "source_type": "",
                "source_url": ""
              }
            ],
            "is_fork": false,
            "name": "testRepo",
            "parent_repository_id": null,
            "project_id": "71f54830-e376-490f-848d-e2a194456779",
            "remote_url": "https://aleksandrseppenen@dev.azure.com/aleksandrseppenen/Project/_git/testRepo",
            "size": 200,
            "ssh_url": "git@ssh.dev.azure.com:v3/aleksandrseppenen/Project/testRepo",
            "url": "https://dev.azure.com/aleksandrseppenen/71f54830-e376-490f-848d-e2a194456779/_apis/git/repositories/f8acb664-2e10-4b1d-820f-050783142424",
            "web_url": "https://dev.azure.com/aleksandrseppenen/Project/_git/testRepo"
          },
          "sensitive_attributes": [],
          "private": "bnVsbA==",
          "dependencies": [
            "azuredevops_project.this"
          ]
        }
      ]
    },
    {
      "mode": "managed",
      "type": "azuredevops_git_repository_file",
      "name": "main",
      "provider": "provider[\"registry.terraform.io/microsoft/azuredevops\"]",
      "instances": [
        {
          "schema_version": 0,
          "attributes": {
            "branch": "refs/heads/master",
            "commit_message": "First commit",
            "content": "# Docker\r\n# Build a Docker image\r\n# https://docs.microsoft.com/azure/devops/pipelines/languages/docker\r\n\r\nvariables:\r\n  - group: container-registry\r\n\r\ntrigger:\r\n  - main\r\n\r\nresources:\r\n  - repo: self\r\n\r\nvariables:\r\n  tag: '$(Build.BuildId)'\r\n\r\nstages:\r\n  - stage: Test\r\n    displayName: Test\r\n    jobs:\r\n      - job: sonarqube\r\n        displayName: sonarqube\r\n        pool:\r\n          vmImage: ubuntu-latest\r\n        steps:\r\n          - task: Docker@2\r\n            displayName: \"Docker build \u0026 push\"\r\n            inputs:\r\n              containerRegistry: $(service_connection_name)\r\n              repository: $(repository_name)\r\n              command: 'buildAndPush'\r\n              Dockerfile: '**/Dockerfile'\r\n              tags: '1.0'\r\n",
            "file": "azure-pipeline-main.yml",
            "id": "f8acb664-2e10-4b1d-820f-050783142424/azure-pipeline-main.yml",
            "overwrite_on_create": false,
            "repository_id": "f8acb664-2e10-4b1d-820f-050783142424",
            "timeouts": null
          },
          "sensitive_attributes": [],
          "private": "eyJlMmJmYjczMC1lY2FhLTExZTYtOGY4OC0zNDM2M2JjN2M0YzAiOnsiY3JlYXRlIjo2MDAwMDAwMDAwMCwicmVhZCI6NTAwMDAwMDAwMH19",
          "dependencies": [
            "azuredevops_git_repository.example"
          ]
        }
      ]
    },
    {
      "mode": "managed",
      "type": "azuredevops_project",
      "name": "this",
      "provider": "provider[\"registry.terraform.io/microsoft/azuredevops\"]",
      "instances": [
        {
          "schema_version": 0,
          "attributes": {
            "description": "",
            "features": {},
            "id": "71f54830-e376-490f-848d-e2a194456779",
            "name": "Project",
            "process_template_id": "adcc42ab-9882-485e-a3ed-7678f01f66bc",
            "timeouts": null,
            "version_control": "Git",
            "visibility": "private",
            "work_item_template": "Agile"
          },
          "sensitive_attributes": [],
          "private": "eyJlMmJmYjczMC1lY2FhLTExZTYtOGY4OC0zNDM2M2JjN2M0YzAiOnsiY3JlYXRlIjo2MDAwMDAwMDAwMDAsImRlbGV0ZSI6NjAwMDAwMDAwMDAwLCJyZWFkIjozMDAwMDAwMDAwMDAsInVwZGF0ZSI6NjAwMDAwMDAwMDAwfX0="
        }
      ]
    },
    {
      "mode": "managed",
      "type": "azuredevops_resource_authorization",
      "name": "kv_auth",
      "provider": "provider[\"registry.terraform.io/microsoft/azuredevops\"]",
      "instances": [
        {
          "schema_version": 0,
          "attributes": {
            "authorized": true,
            "definition_id": 0,
            "id": "ac5c86a2-3e59-41e4-a206-16432de40e0c",
            "project_id": "71f54830-e376-490f-848d-e2a194456779",
            "resource_id": "ac5c86a2-3e59-41e4-a206-16432de40e0c",
            "type": "endpoint"
          },
          "sensitive_attributes": [],
          "private": "bnVsbA==",
          "dependencies": [
            "azuredevops_project.this",
            "azuredevops_serviceendpoint_dockerregistry.container_registry",
            "azurerm_container_registry.acr",
            "azurerm_resource_group.this",
            "random_integer.suffix"
          ]
        }
      ]
    },
    {
      "mode": "managed",
      "type": "azuredevops_serviceendpoint_dockerregistry",
      "name": "container_registry",
      "provider": "provider[\"registry.terraform.io/microsoft/azuredevops\"]",
      "instances": [
        {
          "schema_version": 0,
          "attributes": {
            "authorization": {
              "scheme": "UsernamePassword"
            },
            "description": "Managed by Terraform",
            "docker_email": "",
            "docker_password": "",
            "docker_password_hash": "$2a$04$uWhklqmCWpiba/4GIl.2SeRKxNFUkq1Y.1qcm/hYgxSsdO.CA4AbC",
            "docker_registry": "devcontainer67929.azurecr.io",
            "docker_username": "DevContainer67929",
            "id": "ac5c86a2-3e59-41e4-a206-16432de40e0c",
            "project_id": "71f54830-e376-490f-848d-e2a194456779",
            "registry_type": "Others",
            "service_endpoint_name": "AZ container registry",
            "timeouts": null
          },
          "sensitive_attributes": [
            [
              {
                "type": "get_attr",
                "value": "docker_password"
              }
            ]
          ],
          "private": "eyJlMmJmYjczMC1lY2FhLTExZTYtOGY4OC0zNDM2M2JjN2M0YzAiOnsiY3JlYXRlIjoxMjAwMDAwMDAwMDAsImRlbGV0ZSI6MTIwMDAwMDAwMDAwLCJyZWFkIjo2MDAwMDAwMDAwMCwidXBkYXRlIjoxMjAwMDAwMDAwMDB9fQ==",
          "dependencies": [
            "azuredevops_project.this",
            "azurerm_container_registry.acr",
            "azurerm_resource_group.this",
            "random_integer.suffix"
          ]
        }
      ]
    },
    {
      "mode": "managed",
      "type": "azuredevops_variable_group",
      "name": "variable-group",
      "provider": "provider[\"registry.terraform.io/microsoft/azuredevops\"]",
      "instances": [
        {
          "schema_version": 0,
          "attributes": {
            "allow_access": true,
            "description": "Variable group for pipelines",
            "id": "1",
            "key_vault": [],
            "name": "container-registry",
            "project_id": "71f54830-e376-490f-848d-e2a194456779",
            "variable": [
              {
                "content_type": "",
                "enabled": false,
                "expires": "",
                "is_secret": false,
                "name": "repository_name",
                "secret_value": "",
                "value": "DevContainer67929"
              },
              {
                "content_type": "",
                "enabled": false,
                "expires": "",
                "is_secret": false,
                "name": "service_connection_name",
                "secret_value": "",
                "value": "AZ container registry"
              }
            ]
          },
          "sensitive_attributes": [],
          "private": "bnVsbA==",
          "dependencies": [
            "azuredevops_project.this",
            "azurerm_container_registry.acr",
            "azurerm_resource_group.this",
            "random_integer.suffix"
          ]
        }
      ]
    },
    {
      "mode": "managed",
      "type": "azurerm_container_registry",
      "name": "acr",
      "provider": "provider[\"registry.terraform.io/hashicorp/azurerm\"]",
      "instances": [
        {
          "schema_version": 2,
          "attributes": {
            "admin_enabled": true,
            "admin_password": "rCGrWoBJ5KgtjJqWT5pvb3axWPpe9RnBhM4xmYosjb+ACRCj2Q6H",
            "admin_username": "DevContainer67929",
            "anonymous_pull_enabled": false,
            "data_endpoint_enabled": false,
            "encryption": [
              {
                "enabled": false,
                "identity_client_id": "",
                "key_vault_key_id": ""
              }
            ],
            "export_policy_enabled": true,
            "georeplications": [],
            "id": "/subscriptions/d11ce047-1fc8-4f4e-8377-ecf798927ccb/resourceGroups/KubernetesARC/providers/Microsoft.ContainerRegistry/registries/DevContainer67929",
            "identity": [],
            "location": "swedencentral",
            "login_server": "devcontainer67929.azurecr.io",
            "name": "DevContainer67929",
            "network_rule_bypass_option": "AzureServices",
            "network_rule_set": [],
            "public_network_access_enabled": true,
            "quarantine_policy_enabled": false,
            "resource_group_name": "KubernetesARC",
            "retention_policy": [
              {
                "days": 7,
                "enabled": false
              }
            ],
            "sku": "Basic",
            "tags": {},
            "timeouts": null,
            "trust_policy": [
              {
                "enabled": false
              }
            ],
            "zone_redundancy_enabled": false
          },
          "sensitive_attributes": [],
          "private": "eyJlMmJmYjczMC1lY2FhLTExZTYtOGY4OC0zNDM2M2JjN2M0YzAiOnsiY3JlYXRlIjoxODAwMDAwMDAwMDAwLCJkZWxldGUiOjE4MDAwMDAwMDAwMDAsInJlYWQiOjMwMDAwMDAwMDAwMCwidXBkYXRlIjoxODAwMDAwMDAwMDAwfSwic2NoZW1hX3ZlcnNpb24iOiIyIn0=",
          "dependencies": [
            "azurerm_resource_group.this",
            "random_integer.suffix"
          ]
        }
      ]
    },
    {
      "mode": "managed",
      "type": "azurerm_resource_group",
      "name": "this",
      "provider": "provider[\"registry.terraform.io/hashicorp/azurerm\"]",
      "instances": [
        {
          "schema_version": 0,
          "attributes": {
            "id": "/subscriptions/d11ce047-1fc8-4f4e-8377-ecf798927ccb/resourceGroups/KubernetesARC",
            "location": "swedencentral",
            "name": "KubernetesARC",
            "tags": {},
            "timeouts": null
          },
          "sensitive_attributes": [],
          "private": "eyJlMmJmYjczMC1lY2FhLTExZTYtOGY4OC0zNDM2M2JjN2M0YzAiOnsiY3JlYXRlIjo1NDAwMDAwMDAwMDAwLCJkZWxldGUiOjU0MDAwMDAwMDAwMDAsInJlYWQiOjMwMDAwMDAwMDAwMCwidXBkYXRlIjo1NDAwMDAwMDAwMDAwfX0="
        }
      ]
    },
    {
      "mode": "managed",
      "type": "random_integer",
      "name": "suffix",
      "provider": "provider[\"registry.terraform.io/hashicorp/random\"]",
      "instances": [
        {
          "schema_version": 0,
          "attributes": {
            "id": "67929",
            "keepers": null,
            "max": 99999,
            "min": 10000,
            "result": 67929,
            "seed": null
          },
          "sensitive_attributes": []
        }
      ]
    }
  ],
  "check_results": null
}
